# This file is automatically @generated by Poetry 1.8.3 and should not be changed by hand.

[[package]]
name = "ftfy"
version = "6.2.3"
description = "Fixes mojibake and other problems with Unicode, after the fact"
optional = false
python-versions = "<4,>=3.8.1"
files = [
    {file = "ftfy-6.2.3-py3-none-any.whl", hash = "sha256:f15761b023f3061a66207d33f0c0149ad40a8319fd16da91796363e2c049fdf8"},
    {file = "ftfy-6.2.3.tar.gz", hash = "sha256:79b505988f29d577a58a9069afe75553a02a46e42de6091c0660cdc67812badc"},
]

[package.dependencies]
wcwidth = ">=0.2.12,<0.3.0"

[[package]]
name = "wcwidth"
version = "0.2.13"
description = "Measures the displayed width of unicode strings in a terminal"
optional = false
python-versions = "*"
files = [
    {file = "wcwidth-0.2.13-py2.py3-none-any.whl", hash = "sha256:3da69048e4540d84af32131829ff948f1e022c1c6bdb8d6102117aac784f6859"},
    {file = "wcwidth-0.2.13.tar.gz", hash = "sha256:72ea0c06399eb286d978fdedb6923a9eb47e1c486ce63e9b4e64fc18303972b5"},
]

[metadata]
lock-version = "2.0"
python-versions = "^3.8.1"
content-hash = "1372f18604b9596fc4bb7dc2045356954abd3115e52e56fe4338336d9d3c8bb8"
